<<<<<<< HEAD
# generated by rye
# use `rye lock` or `rye sync` to update this lockfile
#
# last locked with the following flags:
#   pre: true
#   features: []
#   all-features: false
#   with-sources: false
#   generate-hashes: false
#   universal: false

-e file:.
=======
# generated by rye
# use `rye lock` or `rye sync` to update this lockfile
#
# last locked with the following flags:
#   pre: true
#   features: []
#   all-features: false
#   with-sources: false
#   generate-hashes: false

-e file:.
>>>>>>> 784c4b3df83930ec830cd0a426536208edd89c6d
